{
  "name": "hexo-theme-oncletom",
  "version": "1.5.4",
  "lockfileVersion": 1,
  "requires": true,
  "dependencies": {
    "bootstrap": {
      "version": "3.1.1",
      "resolved": "https://registry.npmjs.org/bootstrap/-/bootstrap-3.1.1.tgz",
      "integrity": "sha1-F+FO0mHA/Nm1LqmqZCD21RzV+nc="
    },
    "css.oncletom.io": {
      "version": "github:oncletom/css.oncletom.io#dc0a54f3ee439527b2fb3608dee5ed17d213f987",
      "requires": {
        "bootstrap": "3.1.1"
      }
    },
    "reading-time": {
      "version": "1.1.0",
      "resolved": "https://registry.npmjs.org/reading-time/-/reading-time-1.1.0.tgz",
      "integrity": "sha1-sKE8uFEfXqpXDPEE0boNaNUKpHE="
    }
  }
}
